
Microsoft Visual Studio Solution File, Format Version 12.00
# Visual Studio 15
VisualStudioVersion = 15.0.27428.2027
MinimumVisualStudioVersion = 10.0.40219.1
Project("{FAE04EC0-301F-11D3-BF4B-00C04F79EFBC}") = "WauzMusicPlayer", "WauzMusicPlayer\WauzMusicPlayer.csproj", "{F6E9047D-5C66-4299-AB9D-F03F5C3E4114}"
EndProject
Project("{54435603-DBB4-11D2-8724-00A0C9A8B90C}") = "WauZMP", "WauZMP\WauZMP.vdproj", "{4A8C5FC4-9A60-4BF7-9961-BEE88F2B9F46}"
EndProject
Global
	GlobalSection(SolutionConfigurationPlatforms) = preSolution
		Debug|Any CPU = Debug|Any CPU
		Release|Any CPU = Release|Any CPU
	EndGlobalSection
	GlobalSection(ProjectConfigurationPlatforms) = postSolution
		{F6E9047D-5C66-4299-AB9D-F03F5C3E4114}.Debug|Any CPU.ActiveCfg = Debug|Any CPU
		{F6E9047D-5C66-4299-AB9D-F03F5C3E4114}.Debug|Any CPU.Build.0 = Debug|Any CPU
		{F6E9047D-5C66-4299-AB9D-F03F5C3E4114}.Release|Any CPU.ActiveCfg = Release|Any CPU
		{F6E9047D-5C66-4299-AB9D-F03F5C3E4114}.Release|Any CPU.Build.0 = Release|Any CPU
		{4A8C5FC4-9A60-4BF7-9961-BEE88F2B9F46}.Debug|Any CPU.ActiveCfg = Debug
		{4A8C5FC4-9A60-4BF7-9961-BEE88F2B9F46}.Release|Any CPU.ActiveCfg = Release
	EndGlobalSection
	GlobalSection(SolutionProperties) = preSolution
		HideSolutionNode = FALSE
	EndGlobalSection
	GlobalSection(ExtensibilityGlobals) = postSolution
		SolutionGuid = {E6B0D09C-A4CD-46DC-B868-FD827D8EDA3A}
	EndGlobalSection
EndGlobal
